
Microsoft Visual Studio Solution File, Format Version 12.00
# Visual Studio 14
VisualStudioVersion = 14.0.25420.1
MinimumVisualStudioVersion = 10.0.40219.1
Project("{8BC9CEB8-8B4A-11D0-8D11-00A0C91BC942}") = "2차원 배열 채우기2", "2차원 배열 채우기2\2차원 배열 채우기2.vcxproj", "{58B47D9F-5E15-4DB4-A109-2D2DDE6E9F61}"
EndProject
Global
	GlobalSection(SolutionConfigurationPlatforms) = preSolution
		Debug|x64 = Debug|x64
		Debug|x86 = Debug|x86
		Release|x64 = Release|x64
		Release|x86 = Release|x86
	EndGlobalSection
	GlobalSection(ProjectConfigurationPlatforms) = postSolution
		{58B47D9F-5E15-4DB4-A109-2D2DDE6E9F61}.Debug|x64.ActiveCfg = Debug|x64
		{58B47D9F-5E15-4DB4-A109-2D2DDE6E9F61}.Debug|x64.Build.0 = Debug|x64
		{58B47D9F-5E15-4DB4-A109-2D2DDE6E9F61}.Debug|x86.ActiveCfg = Debug|Win32
		{58B47D9F-5E15-4DB4-A109-2D2DDE6E9F61}.Debug|x86.Build.0 = Debug|Win32
		{58B47D9F-5E15-4DB4-A109-2D2DDE6E9F61}.Release|x64.ActiveCfg = Release|x64
		{58B47D9F-5E15-4DB4-A109-2D2DDE6E9F61}.Release|x64.Build.0 = Release|x64
		{58B47D9F-5E15-4DB4-A109-2D2DDE6E9F61}.Release|x86.ActiveCfg = Release|Win32
		{58B47D9F-5E15-4DB4-A109-2D2DDE6E9F61}.Release|x86.Build.0 = Release|Win32
	EndGlobalSection
	GlobalSection(SolutionProperties) = preSolution
		HideSolutionNode = FALSE
	EndGlobalSection
EndGlobal
