
Microsoft Visual Studio Solution File, Format Version 12.00
# Visual Studio 14
VisualStudioVersion = 14.0.25420.1
MinimumVisualStudioVersion = 10.0.40219.1
Project("{8BC9CEB8-8B4A-11D0-8D11-00A0C91BC942}") = "1425 자리배치", "1425 자리배치\1425 자리배치.vcxproj", "{7FEB6E36-1E1F-4213-980D-7116B2661F31}"
EndProject
Global
	GlobalSection(SolutionConfigurationPlatforms) = preSolution
		Debug|x64 = Debug|x64
		Debug|x86 = Debug|x86
		Release|x64 = Release|x64
		Release|x86 = Release|x86
	EndGlobalSection
	GlobalSection(ProjectConfigurationPlatforms) = postSolution
		{7FEB6E36-1E1F-4213-980D-7116B2661F31}.Debug|x64.ActiveCfg = Debug|x64
		{7FEB6E36-1E1F-4213-980D-7116B2661F31}.Debug|x64.Build.0 = Debug|x64
		{7FEB6E36-1E1F-4213-980D-7116B2661F31}.Debug|x86.ActiveCfg = Debug|Win32
		{7FEB6E36-1E1F-4213-980D-7116B2661F31}.Debug|x86.Build.0 = Debug|Win32
		{7FEB6E36-1E1F-4213-980D-7116B2661F31}.Release|x64.ActiveCfg = Release|x64
		{7FEB6E36-1E1F-4213-980D-7116B2661F31}.Release|x64.Build.0 = Release|x64
		{7FEB6E36-1E1F-4213-980D-7116B2661F31}.Release|x86.ActiveCfg = Release|Win32
		{7FEB6E36-1E1F-4213-980D-7116B2661F31}.Release|x86.Build.0 = Release|Win32
	EndGlobalSection
	GlobalSection(SolutionProperties) = preSolution
		HideSolutionNode = FALSE
	EndGlobalSection
EndGlobal
